
Microsoft Visual Studio Solution File, Format Version 12.00
# Visual Studio 15
VisualStudioVersion = 15.0.28307.2092
MinimumVisualStudioVersion = 10.0.40219.1
Project("{8BC9CEB8-8B4A-11D0-8D11-00A0C91BC942}") = "обчислення функції", "обчислення функції\обчислення функції.vcxproj", "{6B5C9474-94DE-4236-B68F-D3E53A703122}"
EndProject
Global
	GlobalSection(SolutionConfigurationPlatforms) = preSolution
		Debug|x64 = Debug|x64
		Debug|x86 = Debug|x86
		Release|x64 = Release|x64
		Release|x86 = Release|x86
	EndGlobalSection
	GlobalSection(ProjectConfigurationPlatforms) = postSolution
		{6B5C9474-94DE-4236-B68F-D3E53A703122}.Debug|x64.ActiveCfg = Debug|x64
		{6B5C9474-94DE-4236-B68F-D3E53A703122}.Debug|x64.Build.0 = Debug|x64
		{6B5C9474-94DE-4236-B68F-D3E53A703122}.Debug|x86.ActiveCfg = Debug|Win32
		{6B5C9474-94DE-4236-B68F-D3E53A703122}.Debug|x86.Build.0 = Debug|Win32
		{6B5C9474-94DE-4236-B68F-D3E53A703122}.Release|x64.ActiveCfg = Release|x64
		{6B5C9474-94DE-4236-B68F-D3E53A703122}.Release|x64.Build.0 = Release|x64
		{6B5C9474-94DE-4236-B68F-D3E53A703122}.Release|x86.ActiveCfg = Release|Win32
		{6B5C9474-94DE-4236-B68F-D3E53A703122}.Release|x86.Build.0 = Release|Win32
	EndGlobalSection
	GlobalSection(SolutionProperties) = preSolution
		HideSolutionNode = FALSE
	EndGlobalSection
	GlobalSection(ExtensibilityGlobals) = postSolution
		SolutionGuid = {494EBFFF-7863-442B-BDAA-56D7254E7BB3}
	EndGlobalSection
EndGlobal
